
Microsoft Visual Studio Solution File, Format Version 12.00
# Visual Studio Version 17
VisualStudioVersion = 17.3.32825.248
MinimumVisualStudioVersion = 10.0.40219.1
Project("{FAE04EC0-301F-11D3-BF4B-00C04F79EFBC}") = "MaxTD", "MaxTD\MaxTD.csproj", "{E688108A-3221-4AF1-B5FA-496314573182}"
EndProject
Global
	GlobalSection(SolutionConfigurationPlatforms) = preSolution
		Debug|Any CPU = Debug|Any CPU
		Release|Any CPU = Release|Any CPU
	EndGlobalSection
	GlobalSection(ProjectConfigurationPlatforms) = postSolution
		{E688108A-3221-4AF1-B5FA-496314573182}.Debug|Any CPU.ActiveCfg = Debug|Any CPU
		{E688108A-3221-4AF1-B5FA-496314573182}.Debug|Any CPU.Build.0 = Debug|Any CPU
		{E688108A-3221-4AF1-B5FA-496314573182}.Release|Any CPU.ActiveCfg = Release|Any CPU
		{E688108A-3221-4AF1-B5FA-496314573182}.Release|Any CPU.Build.0 = Release|Any CPU
	EndGlobalSection
	GlobalSection(SolutionProperties) = preSolution
		HideSolutionNode = FALSE
	EndGlobalSection
	GlobalSection(ExtensibilityGlobals) = postSolution
		SolutionGuid = {A9DEEB7A-1C63-4EE0-A3D5-1BCCF5612D53}
	EndGlobalSection
EndGlobal
